
Microsoft Visual Studio Solution File, Format Version 11.00
# Visual Studio 2010
Project("{FAE04EC0-301F-11D3-BF4B-00C04F79EFBC}") = "DataAccess", "DataAccess\DataAccess.csproj", "{AE5AE9DA-2DB8-48FD-A7AA-FED1F31D0402}"
EndProject
Project("{FAE04EC0-301F-11D3-BF4B-00C04F79EFBC}") = "Business", "Business\Business.csproj", "{C08AE099-10AA-4A4C-8907-0FE955A1A878}"
EndProject
Project("{FAE04EC0-301F-11D3-BF4B-00C04F79EFBC}") = "WiseRss", "WiseRss\WiseRss.csproj", "{9645286A-3E89-4F82-A87E-4286A97A2EC3}"
EndProject
Project("{FAE04EC0-301F-11D3-BF4B-00C04F79EFBC}") = "WiseService", "WiseService\WiseService.csproj", "{FDD59F7B-E876-4E24-A205-E3DDE2108CCC}"
EndProject
Project("{FAE04EC0-301F-11D3-BF4B-00C04F79EFBC}") = "CrossCutting", "CrossCutting\CrossCutting.csproj", "{BC7A347A-C7BA-4716-B066-A1CC6FF1E2CB}"
EndProject
Global
	GlobalSection(SolutionConfigurationPlatforms) = preSolution
		Debug|Any CPU = Debug|Any CPU
		Debug|Mixed Platforms = Debug|Mixed Platforms
		Debug|x86 = Debug|x86
		Release|Any CPU = Release|Any CPU
		Release|Mixed Platforms = Release|Mixed Platforms
		Release|x86 = Release|x86
	EndGlobalSection
	GlobalSection(ProjectConfigurationPlatforms) = postSolution
		{AE5AE9DA-2DB8-48FD-A7AA-FED1F31D0402}.Debug|Any CPU.ActiveCfg = Debug|Any CPU
		{AE5AE9DA-2DB8-48FD-A7AA-FED1F31D0402}.Debug|Any CPU.Build.0 = Debug|Any CPU
		{AE5AE9DA-2DB8-48FD-A7AA-FED1F31D0402}.Debug|Mixed Platforms.ActiveCfg = Debug|Any CPU
		{AE5AE9DA-2DB8-48FD-A7AA-FED1F31D0402}.Debug|Mixed Platforms.Build.0 = Debug|Any CPU
		{AE5AE9DA-2DB8-48FD-A7AA-FED1F31D0402}.Debug|x86.ActiveCfg = Debug|Any CPU
		{AE5AE9DA-2DB8-48FD-A7AA-FED1F31D0402}.Release|Any CPU.ActiveCfg = Release|Any CPU
		{AE5AE9DA-2DB8-48FD-A7AA-FED1F31D0402}.Release|Any CPU.Build.0 = Release|Any CPU
		{AE5AE9DA-2DB8-48FD-A7AA-FED1F31D0402}.Release|Mixed Platforms.ActiveCfg = Release|Any CPU
		{AE5AE9DA-2DB8-48FD-A7AA-FED1F31D0402}.Release|Mixed Platforms.Build.0 = Release|Any CPU
		{AE5AE9DA-2DB8-48FD-A7AA-FED1F31D0402}.Release|x86.ActiveCfg = Release|Any CPU
		{C08AE099-10AA-4A4C-8907-0FE955A1A878}.Debug|Any CPU.ActiveCfg = Debug|Any CPU
		{C08AE099-10AA-4A4C-8907-0FE955A1A878}.Debug|Any CPU.Build.0 = Debug|Any CPU
		{C08AE099-10AA-4A4C-8907-0FE955A1A878}.Debug|Mixed Platforms.ActiveCfg = Debug|Any CPU
		{C08AE099-10AA-4A4C-8907-0FE955A1A878}.Debug|Mixed Platforms.Build.0 = Debug|Any CPU
		{C08AE099-10AA-4A4C-8907-0FE955A1A878}.Debug|x86.ActiveCfg = Debug|Any CPU
		{C08AE099-10AA-4A4C-8907-0FE955A1A878}.Release|Any CPU.ActiveCfg = Release|Any CPU
		{C08AE099-10AA-4A4C-8907-0FE955A1A878}.Release|Any CPU.Build.0 = Release|Any CPU
		{C08AE099-10AA-4A4C-8907-0FE955A1A878}.Release|Mixed Platforms.ActiveCfg = Release|Any CPU
		{C08AE099-10AA-4A4C-8907-0FE955A1A878}.Release|Mixed Platforms.Build.0 = Release|Any CPU
		{C08AE099-10AA-4A4C-8907-0FE955A1A878}.Release|x86.ActiveCfg = Release|Any CPU
		{9645286A-3E89-4F82-A87E-4286A97A2EC3}.Debug|Any CPU.ActiveCfg = Debug|x86
		{9645286A-3E89-4F82-A87E-4286A97A2EC3}.Debug|Mixed Platforms.ActiveCfg = Debug|x86
		{9645286A-3E89-4F82-A87E-4286A97A2EC3}.Debug|Mixed Platforms.Build.0 = Debug|x86
		{9645286A-3E89-4F82-A87E-4286A97A2EC3}.Debug|x86.ActiveCfg = Debug|x86
		{9645286A-3E89-4F82-A87E-4286A97A2EC3}.Debug|x86.Build.0 = Debug|x86
		{9645286A-3E89-4F82-A87E-4286A97A2EC3}.Release|Any CPU.ActiveCfg = Release|x86
		{9645286A-3E89-4F82-A87E-4286A97A2EC3}.Release|Mixed Platforms.ActiveCfg = Release|x86
		{9645286A-3E89-4F82-A87E-4286A97A2EC3}.Release|Mixed Platforms.Build.0 = Release|x86
		{9645286A-3E89-4F82-A87E-4286A97A2EC3}.Release|x86.ActiveCfg = Release|x86
		{9645286A-3E89-4F82-A87E-4286A97A2EC3}.Release|x86.Build.0 = Release|x86
		{FDD59F7B-E876-4E24-A205-E3DDE2108CCC}.Debug|Any CPU.ActiveCfg = Debug|x86
		{FDD59F7B-E876-4E24-A205-E3DDE2108CCC}.Debug|Mixed Platforms.ActiveCfg = Debug|x86
		{FDD59F7B-E876-4E24-A205-E3DDE2108CCC}.Debug|Mixed Platforms.Build.0 = Debug|x86
		{FDD59F7B-E876-4E24-A205-E3DDE2108CCC}.Debug|x86.ActiveCfg = Debug|x86
		{FDD59F7B-E876-4E24-A205-E3DDE2108CCC}.Debug|x86.Build.0 = Debug|x86
		{FDD59F7B-E876-4E24-A205-E3DDE2108CCC}.Release|Any CPU.ActiveCfg = Release|x86
		{FDD59F7B-E876-4E24-A205-E3DDE2108CCC}.Release|Mixed Platforms.ActiveCfg = Release|x86
		{FDD59F7B-E876-4E24-A205-E3DDE2108CCC}.Release|Mixed Platforms.Build.0 = Release|x86
		{FDD59F7B-E876-4E24-A205-E3DDE2108CCC}.Release|x86.ActiveCfg = Release|x86
		{FDD59F7B-E876-4E24-A205-E3DDE2108CCC}.Release|x86.Build.0 = Release|x86
		{BC7A347A-C7BA-4716-B066-A1CC6FF1E2CB}.Debug|Any CPU.ActiveCfg = Debug|Any CPU
		{BC7A347A-C7BA-4716-B066-A1CC6FF1E2CB}.Debug|Any CPU.Build.0 = Debug|Any CPU
		{BC7A347A-C7BA-4716-B066-A1CC6FF1E2CB}.Debug|Mixed Platforms.ActiveCfg = Debug|Any CPU
		{BC7A347A-C7BA-4716-B066-A1CC6FF1E2CB}.Debug|Mixed Platforms.Build.0 = Debug|Any CPU
		{BC7A347A-C7BA-4716-B066-A1CC6FF1E2CB}.Debug|x86.ActiveCfg = Debug|Any CPU
		{BC7A347A-C7BA-4716-B066-A1CC6FF1E2CB}.Release|Any CPU.ActiveCfg = Release|Any CPU
		{BC7A347A-C7BA-4716-B066-A1CC6FF1E2CB}.Release|Any CPU.Build.0 = Release|Any CPU
		{BC7A347A-C7BA-4716-B066-A1CC6FF1E2CB}.Release|Mixed Platforms.ActiveCfg = Release|Any CPU
		{BC7A347A-C7BA-4716-B066-A1CC6FF1E2CB}.Release|Mixed Platforms.Build.0 = Release|Any CPU
		{BC7A347A-C7BA-4716-B066-A1CC6FF1E2CB}.Release|x86.ActiveCfg = Release|Any CPU
	EndGlobalSection
	GlobalSection(SolutionProperties) = preSolution
		HideSolutionNode = FALSE
	EndGlobalSection
EndGlobal
